
Microsoft Visual Studio Solution File, Format Version 12.00
# Visual Studio Version 16
VisualStudioVersion = 16.0.29009.5
MinimumVisualStudioVersion = 10.0.40219.1
Project("{FAE04EC0-301F-11D3-BF4B-00C04F79EFBC}") = "InfinitivusNeuralNetwork", "InfinitivusNeuralNetwork\InfinitivusNeuralNetwork.csproj", "{A11A942D-BE7A-4140-ADB4-DBBAB15208E9}"
EndProject
Project("{FAE04EC0-301F-11D3-BF4B-00C04F79EFBC}") = "InfinitivusNeuralNetwork.Console", "InfinitivusNeuralNetwork.Console\InfinitivusNeuralNetwork.Console.csproj", "{047D728E-2596-4ED1-BEEB-118F78B07659}"
EndProject
Global
	GlobalSection(SolutionConfigurationPlatforms) = preSolution
		Debug|Any CPU = Debug|Any CPU
		Release|Any CPU = Release|Any CPU
	EndGlobalSection
	GlobalSection(ProjectConfigurationPlatforms) = postSolution
		{A11A942D-BE7A-4140-ADB4-DBBAB15208E9}.Debug|Any CPU.ActiveCfg = Debug|Any CPU
		{A11A942D-BE7A-4140-ADB4-DBBAB15208E9}.Debug|Any CPU.Build.0 = Debug|Any CPU
		{A11A942D-BE7A-4140-ADB4-DBBAB15208E9}.Release|Any CPU.ActiveCfg = Release|Any CPU
		{A11A942D-BE7A-4140-ADB4-DBBAB15208E9}.Release|Any CPU.Build.0 = Release|Any CPU
		{047D728E-2596-4ED1-BEEB-118F78B07659}.Debug|Any CPU.ActiveCfg = Debug|Any CPU
		{047D728E-2596-4ED1-BEEB-118F78B07659}.Debug|Any CPU.Build.0 = Debug|Any CPU
		{047D728E-2596-4ED1-BEEB-118F78B07659}.Release|Any CPU.ActiveCfg = Release|Any CPU
		{047D728E-2596-4ED1-BEEB-118F78B07659}.Release|Any CPU.Build.0 = Release|Any CPU
	EndGlobalSection
	GlobalSection(SolutionProperties) = preSolution
		HideSolutionNode = FALSE
	EndGlobalSection
	GlobalSection(ExtensibilityGlobals) = postSolution
		SolutionGuid = {3A0FD241-7D99-458C-9B13-52948C28C880}
	EndGlobalSection
EndGlobal
